// !$*UTF8*$!
{
	archiveVersion = 1;
	classes = {
	};
	objectVersion = 56;
	objects = {

/* Begin PBXBuildFile section */
		D8585D102C162EB800B3ACD5 /* gpsApp.swift in Sources */ = {isa = PBXBuildFile; fileRef = D8585D0F2C162EB800B3ACD5 /* gpsApp.swift */; };
		D8585D122C162EB800B3ACD5 /* ContentView.swift in Sources */ = {isa = PBXBuildFile; fileRef = D8585D112C162EB800B3ACD5 /* ContentView.swift */; };
		D8585D142C162EBA00B3ACD5 /* Assets.xcassets in Resources */ = {isa = PBXBuildFile; fileRef = D8585D132C162EBA00B3ACD5 /* Assets.xcassets */; };
		D8585D182C162EBA00B3ACD5 /* Preview Assets.xcassets in Resources */ = {isa = PBXBuildFile; fileRef = D8585D172C162EBA00B3ACD5 /* Preview Assets.xcassets */; };
		D8585D222C162EBA00B3ACD5 /* gpsTests.swift in Sources */ = {isa = PBXBuildFile; fileRef = D8585D212C162EBA00B3ACD5 /* gpsTests.swift */; };
		D8585D2C2C162EBA00B3ACD5 /* gpsUITests.swift in Sources */ = {isa = PBXBuildFile; fileRef = D8585D2B2C162EBA00B3ACD5 /* gpsUITests.swift */; };
		D8585D2E2C162EBA00B3ACD5 /* gpsUITestsLaunchTests.swift in Sources */ = {isa = PBXBuildFile; fileRef = D8585D2D2C162EBA00B3ACD5 /* gpsUITestsLaunchTests.swift */; };
		D8585D3B2C162ED900B3ACD5 /* location.gpx in Resources */ = {isa = PBXBuildFile; fileRef = D8585D3A2C162ED900B3ACD5 /* location.gpx */; };
		D8F4442D2C17322500A32AF3 /* VideoPlayerStateObserver.swift in Sources */ = {isa = PBXBuildFile; fileRef = D8F4442C2C17322500A32AF3 /* VideoPlayerStateObserver.swift */; };
		D8F444332C182FFE00A32AF3 /* TdsPicker.swift in Sources */ = {isa = PBXBuildFile; fileRef = D8F444322C182FFE00A32AF3 /* TdsPicker.swift */; };
/* End PBXBuildFile section */

/* Begin PBXContainerItemProxy section */
		D8585D1E2C162EBA00B3ACD5 /* PBXContainerItemProxy */ = {
			isa = PBXContainerItemProxy;
			containerPortal = D8585D042C162EB800B3ACD5 /* Project object */;
			proxyType = 1;
			remoteGlobalIDString = D8585D0B2C162EB800B3ACD5;
			remoteInfo = gps;
		};
		D8585D282C162EBA00B3ACD5 /* PBXContainerItemProxy */ = {
			isa = PBXContainerItemProxy;
			containerPortal = D8585D042C162EB800B3ACD5 /* Project object */;
			proxyType = 1;
			remoteGlobalIDString = D8585D0B2C162EB800B3ACD5;
			remoteInfo = gps;
		};
/* End PBXContainerItemProxy section */

/* Begin PBXFileReference section */
		D8585D0C2C162EB800B3ACD5 /* gps.app */ = {isa = PBXFileReference; explicitFileType = wrapper.application; includeInIndex = 0; path = gps.app; sourceTree = BUILT_PRODUCTS_DIR; };
		D8585D0F2C162EB800B3ACD5 /* gpsApp.swift */ = {isa = PBXFileReference; lastKnownFileType = sourcecode.swift; path = gpsApp.swift; sourceTree = "<group>"; };
		D8585D112C162EB800B3ACD5 /* ContentView.swift */ = {isa = PBXFileReference; lastKnownFileType = sourcecode.swift; path = ContentView.swift; sourceTree = "<group>"; };
		D8585D132C162EBA00B3ACD5 /* Assets.xcassets */ = {isa = PBXFileReference; lastKnownFileType = folder.assetcatalog; path = Assets.xcassets; sourceTree = "<group>"; };
		D8585D152C162EBA00B3ACD5 /* gps.entitlements */ = {isa = PBXFileReference; lastKnownFileType = text.plist.entitlements; path = gps.entitlements; sourceTree = "<group>"; };
		D8585D172C162EBA00B3ACD5 /* Preview Assets.xcassets */ = {isa = PBXFileReference; lastKnownFileType = folder.assetcatalog; path = "Preview Assets.xcassets"; sourceTree = "<group>"; };
		D8585D1D2C162EBA00B3ACD5 /* gpsTests.xctest */ = {isa = PBXFileReference; explicitFileType = wrapper.cfbundle; includeInIndex = 0; path = gpsTests.xctest; sourceTree = BUILT_PRODUCTS_DIR; };
		D8585D212C162EBA00B3ACD5 /* gpsTests.swift */ = {isa = PBXFileReference; lastKnownFileType = sourcecode.swift; path = gpsTests.swift; sourceTree = "<group>"; };
		D8585D272C162EBA00B3ACD5 /* gpsUITests.xctest */ = {isa = PBXFileReference; explicitFileType = wrapper.cfbundle; includeInIndex = 0; path = gpsUITests.xctest; sourceTree = BUILT_PRODUCTS_DIR; };
		D8585D2B2C162EBA00B3ACD5 /* gpsUITests.swift */ = {isa = PBXFileReference; lastKnownFileType = sourcecode.swift; path = gpsUITests.swift; sourceTree = "<group>"; };
		D8585D2D2C162EBA00B3ACD5 /* gpsUITestsLaunchTests.swift */ = {isa = PBXFileReference; lastKnownFileType = sourcecode.swift; path = gpsUITestsLaunchTests.swift; sourceTree = "<group>"; };
		D8585D3A2C162ED900B3ACD5 /* location.gpx */ = {isa = PBXFileReference; lastKnownFileType = text; path = location.gpx; sourceTree = "<group>"; };
		D8F4442C2C17322500A32AF3 /* VideoPlayerStateObserver.swift */ = {isa = PBXFileReference; lastKnownFileType = sourcecode.swift; path = VideoPlayerStateObserver.swift; sourceTree = "<group>"; };
		D8F444322C182FFE00A32AF3 /* TdsPicker.swift */ = {isa = PBXFileReference; lastKnownFileType = sourcecode.swift; path = TdsPicker.swift; sourceTree = "<group>"; };
/* End PBXFileReference section */

/* Begin PBXFrameworksBuildPhase section */
		D8585D092C162EB800B3ACD5 /* Frameworks */ = {
			isa = PBXFrameworksBuildPhase;
			buildActionMask = 2147483647;
			files = (
			);
			runOnlyForDeploymentPostprocessing = 0;
		};
		D8585D1A2C162EBA00B3ACD5 /* Frameworks */ = {
			isa = PBXFrameworksBuildPhase;
			buildActionMask = 2147483647;
			files = (
			);
			runOnlyForDeploymentPostprocessing = 0;
		};
		D8585D242C162EBA00B3ACD5 /* Frameworks */ = {
			isa = PBXFrameworksBuildPhase;
			buildActionMask = 2147483647;
			files = (
			);
			runOnlyForDeploymentPostprocessing = 0;
		};
/* End PBXFrameworksBuildPhase section */

/* Begin PBXGroup section */
		D8585D032C162EB800B3ACD5 = {
			isa = PBXGroup;
			children = (
				D8585D0E2C162EB800B3ACD5 /* gps */,
				D8585D202C162EBA00B3ACD5 /* gpsTests */,
				D8585D2A2C162EBA00B3ACD5 /* gpsUITests */,
				D8585D0D2C162EB800B3ACD5 /* Products */,
			);
			sourceTree = "<group>";
		};
		D8585D0D2C162EB800B3ACD5 /* Products */ = {
			isa = PBXGroup;
			children = (
				D8585D0C2C162EB800B3ACD5 /* gps.app */,
				D8585D1D2C162EBA00B3ACD5 /* gpsTests.xctest */,
				D8585D272C162EBA00B3ACD5 /* gpsUITests.xctest */,
			);
			name = Products;
			sourceTree = "<group>";
		};
		D8585D0E2C162EB800B3ACD5 /* gps */ = {
			isa = PBXGroup;
			children = (
				D8F444322C182FFE00A32AF3 /* TdsPicker.swift */,
				D8F4442C2C17322500A32AF3 /* VideoPlayerStateObserver.swift */,
				D8585D0F2C162EB800B3ACD5 /* gpsApp.swift */,
				D8585D112C162EB800B3ACD5 /* ContentView.swift */,
				D8585D132C162EBA00B3ACD5 /* Assets.xcassets */,
				D8585D152C162EBA00B3ACD5 /* gps.entitlements */,
				D8585D162C162EBA00B3ACD5 /* Preview Content */,
				D8585D3A2C162ED900B3ACD5 /* location.gpx */,
			);
			path = gps;
			sourceTree = "<group>";
		};
		D8585D162C162EBA00B3ACD5 /* Preview Content */ = {
			isa = PBXGroup;
			children = (
				D8585D172C162EBA00B3ACD5 /* Preview Assets.xcassets */,
			);
			path = "Preview Content";
			sourceTree = "<group>";
		};
		D8585D202C162EBA00B3ACD5 /* gpsTests */ = {
			isa = PBXGroup;
			children = (
				D8585D212C162EBA00B3ACD5 /* gpsTests.swift */,
			);
			path = gpsTests;
			sourceTree = "<group>";
		};
		D8585D2A2C162EBA00B3ACD5 /* gpsUITests */ = {
			isa = PBXGroup;
			children = (
				D8585D2B2C162EBA00B3ACD5 /* gpsUITests.swift */,
				D8585D2D2C162EBA00B3ACD5 /* gpsUITestsLaunchTests.swift */,
			);
			path = gpsUITests;
			sourceTree = "<group>";
		};
/* End PBXGroup section */

/* Begin PBXNativeTarget section */
		D8585D0B2C162EB800B3ACD5 /* gps */ = {
			isa = PBXNativeTarget;
			buildConfigurationList = D8585D312C162EBA00B3ACD5 /* Build configuration list for PBXNativeTarget "gps" */;
			buildPhases = (
				D8585D082C162EB800B3ACD5 /* Sources */,
				D8585D092C162EB800B3ACD5 /* Frameworks */,
				D8585D0A2C162EB800B3ACD5 /* Resources */,
			);
			buildRules = (
			);
			dependencies = (
			);
			name = gps;
			productName = gps;
			productReference = D8585D0C2C162EB800B3ACD5 /* gps.app */;
			productType = "com.apple.product-type.application";
		};
		D8585D1C2C162EBA00B3ACD5 /* gpsTests */ = {
			isa = PBXNativeTarget;
			buildConfigurationList = D8585D342C162EBA00B3ACD5 /* Build configuration list for PBXNativeTarget "gpsTests" */;
			buildPhases = (
				D8585D192C162EBA00B3ACD5 /* Sources */,
				D8585D1A2C162EBA00B3ACD5 /* Frameworks */,
				D8585D1B2C162EBA00B3ACD5 /* Resources */,
			);
			buildRules = (
			);
			dependencies = (
				D8585D1F2C162EBA00B3ACD5 /* PBXTargetDependency */,
			);
			name = gpsTests;
			productName = gpsTests;
			productReference = D8585D1D2C162EBA00B3ACD5 /* gpsTests.xctest */;
			productType = "com.apple.product-type.bundle.unit-test";
		};
		D8585D262C162EBA00B3ACD5 /* gpsUITests */ = {
			isa = PBXNativeTarget;
			buildConfigurationList = D8585D372C162EBA00B3ACD5 /* Build configuration list for PBXNativeTarget "gpsUITests" */;
			buildPhases = (
				D8585D232C162EBA00B3ACD5 /* Sources */,
				D8585D242C162EBA00B3ACD5 /* Frameworks */,
				D8585D252C162EBA00B3ACD5 /* Resources */,
			);
			buildRules = (
			);
			dependencies = (
				D8585D292C162EBA00B3ACD5 /* PBXTargetDependency */,
			);
			name = gpsUITests;
			productName = gpsUITests;
			productReference = D8585D272C162EBA00B3ACD5 /* gpsUITests.xctest */;
			productType = "com.apple.product-type.bundle.ui-testing";
		};
/* End PBXNativeTarget section */

/* Begin PBXProject section */
		D8585D042C162EB800B3ACD5 /* Project object */ = {
			isa = PBXProject;
			attributes = {
				BuildIndependentTargetsInParallel = 1;
				LastSwiftUpdateCheck = 1530;
				LastUpgradeCheck = 1530;
				TargetAttributes = {
					D8585D0B2C162EB800B3ACD5 = {
						CreatedOnToolsVersion = 15.3;
					};
					D8585D1C2C162EBA00B3ACD5 = {
						CreatedOnToolsVersion = 15.3;
						TestTargetID = D8585D0B2C162EB800B3ACD5;
					};
					D8585D262C162EBA00B3ACD5 = {
						CreatedOnToolsVersion = 15.3;
						TestTargetID = D8585D0B2C162EB800B3ACD5;
					};
				};
			};
			buildConfigurationList = D8585D072C162EB800B3ACD5 /* Build configuration list for PBXProject "gps" */;
			compatibilityVersion = "Xcode 14.0";
			developmentRegion = en;
			hasScannedForEncodings = 0;
			knownRegions = (
				en,
				Base,
			);
			mainGroup = D8585D032C162EB800B3ACD5;
			productRefGroup = D8585D0D2C162EB800B3ACD5 /* Products */;
			projectDirPath = "";
			projectRoot = "";
			targets = (
				D8585D0B2C162EB800B3ACD5 /* gps */,
				D8585D1C2C162EBA00B3ACD5 /* gpsTests */,
				D8585D262C162EBA00B3ACD5 /* gpsUITests */,
			);
		};
/* End PBXProject section */

/* Begin PBXResourcesBuildPhase section */
		D8585D0A2C162EB800B3ACD5 /* Resources */ = {
			isa = PBXResourcesBuildPhase;
			buildActionMask = 2147483647;
			files = (
				D8585D182C162EBA00B3ACD5 /* Preview Assets.xcassets in Resources */,
				D8585D3B2C162ED900B3ACD5 /* location.gpx in Resources */,
				D8585D142C162EBA00B3ACD5 /* Assets.xcassets in Resources */,
			);
			runOnlyForDeploymentPostprocessing = 0;
		};
		D8585D1B2C162EBA00B3ACD5 /* Resources */ = {
			isa = PBXResourcesBuildPhase;
			buildActionMask = 2147483647;
			files = (
			);
			runOnlyForDeploymentPostprocessing = 0;
		};
		D8585D252C162EBA00B3ACD5 /* Resources */ = {
			isa = PBXResourcesBuildPhase;
			buildActionMask = 2147483647;
			files = (
			);
			runOnlyForDeploymentPostprocessing = 0;
		};
/* End PBXResourcesBuildPhase section */

/* Begin PBXSourcesBuildPhase section */
		D8585D082C162EB800B3ACD5 /* Sources */ = {
			isa = PBXSourcesBuildPhase;
			buildActionMask = 2147483647;
			files = (
				D8F444332C182FFE00A32AF3 /* TdsPicker.swift in Sources */,
				D8F4442D2C17322500A32AF3 /* VideoPlayerStateObserver.swift in Sources */,
				D8585D122C162EB800B3ACD5 /* ContentView.swift in Sources */,
				D8585D102C162EB800B3ACD5 /* gpsApp.swift in Sources */,
			);
			runOnlyForDeploymentPostprocessing = 0;
		};
		D8585D192C162EBA00B3ACD5 /* Sources */ = {
			isa = PBXSourcesBuildPhase;
			buildActionMask = 2147483647;
			files = (
				D8585D222C162EBA00B3ACD5 /* gpsTests.swift in Sources */,
			);
			runOnlyForDeploymentPostprocessing = 0;
		};
		D8585D232C162EBA00B3ACD5 /* Sources */ = {
			isa = PBXSourcesBuildPhase;
			buildActionMask = 2147483647;
			files = (
				D8585D2C2C162EBA00B3ACD5 /* gpsUITests.swift in Sources */,
				D8585D2E2C162EBA00B3ACD5 /* gpsUITestsLaunchTests.swift in Sources */,
			);
			runOnlyForDeploymentPostprocessing = 0;
		};
/* End PBXSourcesBuildPhase section */

/* Begin PBXTargetDependency section */
		D8585D1F2C162EBA00B3ACD5 /* PBXTargetDependency */ = {
			isa = PBXTargetDependency;
			target = D8585D0B2C162EB800B3ACD5 /* gps */;
			targetProxy = D8585D1E2C162EBA00B3ACD5 /* PBXContainerItemProxy */;
		};
		D8585D292C162EBA00B3ACD5 /* PBXTargetDependency */ = {
			isa = PBXTargetDependency;
			target = D8585D0B2C162EB800B3ACD5 /* gps */;
			targetProxy = D8585D282C162EBA00B3ACD5 /* PBXContainerItemProxy */;
		};
/* End PBXTargetDependency section */

/* Begin XCBuildConfiguration section */
		D8585D2F2C162EBA00B3ACD5 /* Debug */ = {
			isa = XCBuildConfiguration;
			buildSettings = {
				ALWAYS_SEARCH_USER_PATHS = NO;
				ASSETCATALOG_COMPILER_GENERATE_SWIFT_ASSET_SYMBOL_EXTENSIONS = YES;
				CLANG_ANALYZER_NONNULL = YES;
				CLANG_ANALYZER_NUMBER_OBJECT_CONVERSION = YES_AGGRESSIVE;
				CLANG_CXX_LANGUAGE_STANDARD = "gnu++20";
				CLANG_ENABLE_MODULES = YES;
				CLANG_ENABLE_OBJC_ARC = YES;
				CLANG_ENABLE_OBJC_WEAK = YES;
				CLANG_WARN_BLOCK_CAPTURE_AUTORELEASING = YES;
				CLANG_WARN_BOOL_CONVERSION = YES;
				CLANG_WARN_COMMA = YES;
				CLANG_WARN_CONSTANT_CONVERSION = YES;
				CLANG_WARN_DEPRECATED_OBJC_IMPLEMENTATIONS = YES;
				CLANG_WARN_DIRECT_OBJC_ISA_USAGE = YES_ERROR;
				CLANG_WARN_DOCUMENTATION_COMMENTS = YES;
				CLANG_WARN_EMPTY_BODY = YES;
				CLANG_WARN_ENUM_CONVERSION = YES;
				CLANG_WARN_INFINITE_RECURSION = YES;
				CLANG_WARN_INT_CONVERSION = YES;
				CLANG_WARN_NON_LITERAL_NULL_CONVERSION = YES;
				CLANG_WARN_OBJC_IMPLICIT_RETAIN_SELF = YES;
				CLANG_WARN_OBJC_LITERAL_CONVERSION = YES;
				CLANG_WARN_OBJC_ROOT_CLASS = YES_ERROR;
				CLANG_WARN_QUOTED_INCLUDE_IN_FRAMEWORK_HEADER = YES;
				CLANG_WARN_RANGE_LOOP_ANALYSIS = YES;
				CLANG_WARN_STRICT_PROTOTYPES = YES;
				CLANG_WARN_SUSPICIOUS_MOVE = YES;
				CLANG_WARN_UNGUARDED_AVAILABILITY = YES_AGGRESSIVE;
				CLANG_WARN_UNREACHABLE_CODE = YES;
				CLANG_WARN__DUPLICATE_METHOD_MATCH = YES;
				COPY_PHASE_STRIP = NO;
				DEBUG_INFORMATION_FORMAT = dwarf;
				ENABLE_STRICT_OBJC_MSGSEND = YES;
				ENABLE_TESTABILITY = YES;
				ENABLE_USER_SCRIPT_SANDBOXING = YES;
				GCC_C_LANGUAGE_STANDARD = gnu17;
				GCC_DYNAMIC_NO_PIC = NO;
				GCC_NO_COMMON_BLOCKS = YES;
				GCC_OPTIMIZATION_LEVEL = 0;
				GCC_PREPROCESSOR_DEFINITIONS = (
					"DEBUG=1",
					"$(inherited)",
				);
				GCC_WARN_64_TO_32_BIT_CONVERSION = YES;
				GCC_WARN_ABOUT_RETURN_TYPE = YES_ERROR;
				GCC_WARN_UNDECLARED_SELECTOR = YES;
				GCC_WARN_UNINITIALIZED_AUTOS = YES_AGGRESSIVE;
				GCC_WARN_UNUSED_FUNCTION = YES;
				GCC_WARN_UNUSED_VARIABLE = YES;
				LOCALIZATION_PREFERS_STRING_CATALOGS = YES;
				MTL_ENABLE_DEBUG_INFO = INCLUDE_SOURCE;
				MTL_FAST_MATH = YES;
				ONLY_ACTIVE_ARCH = YES;
				SWIFT_ACTIVE_COMPILATION_CONDITIONS = "DEBUG $(inherited)";
				SWIFT_OPTIMIZATION_LEVEL = "-Onone";
			};
			name = Debug;
		};
		D8585D302C162EBA00B3ACD5 /* Release */ = {
			isa = XCBuildConfiguration;
			buildSettings = {
				ALWAYS_SEARCH_USER_PATHS = NO;
				ASSETCATALOG_COMPILER_GENERATE_SWIFT_ASSET_SYMBOL_EXTENSIONS = YES;
				CLANG_ANALYZER_NONNULL = YES;
				CLANG_ANALYZER_NUMBER_OBJECT_CONVERSION = YES_AGGRESSIVE;
				CLANG_CXX_LANGUAGE_STANDARD = "gnu++20";
				CLANG_ENABLE_MODULES = YES;
				CLANG_ENABLE_OBJC_ARC = YES;
				CLANG_ENABLE_OBJC_WEAK = YES;
				CLANG_WARN_BLOCK_CAPTURE_AUTORELEASING = YES;
				CLANG_WARN_BOOL_CONVERSION = YES;
				CLANG_WARN_COMMA = YES;
				CLANG_WARN_CONSTANT_CONVERSION = YES;
				CLANG_WARN_DEPRECATED_OBJC_IMPLEMENTATIONS = YES;
				CLANG_WARN_DIRECT_OBJC_ISA_USAGE = YES_ERROR;
				CLANG_WARN_DOCUMENTATION_COMMENTS = YES;
				CLANG_WARN_EMPTY_BODY = YES;
				CLANG_WARN_ENUM_CONVERSION = YES;
				CLANG_WARN_INFINITE_RECURSION = YES;
				CLANG_WARN_INT_CONVERSION = YES;
				CLANG_WARN_NON_LITERAL_NULL_CONVERSION = YES;
				CLANG_WARN_OBJC_IMPLICIT_RETAIN_SELF = YES;
				CLANG_WARN_OBJC_LITERAL_CONVERSION = YES;
				CLANG_WARN_OBJC_ROOT_CLASS = YES_ERROR;
				CLANG_WARN_QUOTED_INCLUDE_IN_FRAMEWORK_HEADER = YES;
				CLANG_WARN_RANGE_LOOP_ANALYSIS = YES;
				CLANG_WARN_STRICT_PROTOTYPES = YES;
				CLANG_WARN_SUSPICIOUS_MOVE = YES;
				CLANG_WARN_UNGUARDED_AVAILABILITY = YES_AGGRESSIVE;
				CLANG_WARN_UNREACHABLE_CODE = YES;
				CLANG_WARN__DUPLICATE_METHOD_MATCH = YES;
				COPY_PHASE_STRIP = NO;
				DEBUG_INFORMATION_FORMAT = "dwarf-with-dsym";
				ENABLE_NS_ASSERTIONS = NO;
				ENABLE_STRICT_OBJC_MSGSEND = YES;
				ENABLE_USER_SCRIPT_SANDBOXING = YES;
				GCC_C_LANGUAGE_STANDARD = gnu17;
				GCC_NO_COMMON_BLOCKS = YES;
				GCC_WARN_64_TO_32_BIT_CONVERSION = YES;
				GCC_WARN_ABOUT_RETURN_TYPE = YES_ERROR;
				GCC_WARN_UNDECLARED_SELECTOR = YES;
				GCC_WARN_UNINITIALIZED_AUTOS = YES_AGGRESSIVE;
				GCC_WARN_UNUSED_FUNCTION = YES;
				GCC_WARN_UNUSED_VARIABLE = YES;
				LOCALIZATION_PREFERS_STRING_CATALOGS = YES;
				MTL_ENABLE_DEBUG_INFO = NO;
				MTL_FAST_MATH = YES;
				SWIFT_COMPILATION_MODE = wholemodule;
			};
			name = Release;
		};
		D8585D322C162EBA00B3ACD5 /* Debug */ = {
			isa = XCBuildConfiguration;
			buildSettings = {
				ASSETCATALOG_COMPILER_APPICON_NAME = AppIcon;
				ASSETCATALOG_COMPILER_GLOBAL_ACCENT_COLOR_NAME = AccentColor;
				CODE_SIGN_ENTITLEMENTS = gps/gps.entitlements;
				CODE_SIGN_STYLE = Automatic;
				CURRENT_PROJECT_VERSION = 1;
				DEVELOPMENT_ASSET_PATHS = "\"gps/Preview Content\"";
				DEVELOPMENT_TEAM = 3V8CC856AY;
				ENABLE_HARDENED_RUNTIME = YES;
				ENABLE_PREVIEWS = YES;
				GENERATE_INFOPLIST_FILE = YES;
				"INFOPLIST_KEY_UIApplicationSceneManifest_Generation[sdk=iphoneos*]" = YES;
				"INFOPLIST_KEY_UIApplicationSceneManifest_Generation[sdk=iphonesimulator*]" = YES;
				"INFOPLIST_KEY_UIApplicationSupportsIndirectInputEvents[sdk=iphoneos*]" = YES;
				"INFOPLIST_KEY_UIApplicationSupportsIndirectInputEvents[sdk=iphonesimulator*]" = YES;
				"INFOPLIST_KEY_UILaunchScreen_Generation[sdk=iphoneos*]" = YES;
				"INFOPLIST_KEY_UILaunchScreen_Generation[sdk=iphonesimulator*]" = YES;
				"INFOPLIST_KEY_UIStatusBarStyle[sdk=iphoneos*]" = UIStatusBarStyleDefault;
				"INFOPLIST_KEY_UIStatusBarStyle[sdk=iphonesimulator*]" = UIStatusBarStyleDefault;
				INFOPLIST_KEY_UISupportedInterfaceOrientations_iPad = "UIInterfaceOrientationPortrait UIInterfaceOrientationPortraitUpsideDown UIInterfaceOrientationLandscapeLeft UIInterfaceOrientationLandscapeRight";
				INFOPLIST_KEY_UISupportedInterfaceOrientations_iPhone = "UIInterfaceOrientationPortrait UIInterfaceOrientationLandscapeLeft UIInterfaceOrientationLandscapeRight";
				IPHONEOS_DEPLOYMENT_TARGET = 17.4;
				LD_RUNPATH_SEARCH_PATHS = "@executable_path/Frameworks";
				"LD_RUNPATH_SEARCH_PATHS[sdk=macosx*]" = "@executable_path/../Frameworks";
				MACOSX_DEPLOYMENT_TARGET = 14.1;
				MARKETING_VERSION = 1.0;
				PRODUCT_BUNDLE_IDENTIFIER = com.trackman.gps;
				PRODUCT_NAME = "$(TARGET_NAME)";
				SDKROOT = auto;
				SUPPORTED_PLATFORMS = "iphoneos iphonesimulator macosx";
				SWIFT_EMIT_LOC_STRINGS = YES;
				SWIFT_VERSION = 5.0;
				TARGETED_DEVICE_FAMILY = "1,2";
			};
			name = Debug;
		};
		D8585D332C162EBA00B3ACD5 /* Release */ = {
			isa = XCBuildConfiguration;
			buildSettings = {
				ASSETCATALOG_COMPILER_APPICON_NAME = AppIcon;
				ASSETCATALOG_COMPILER_GLOBAL_ACCENT_COLOR_NAME = AccentColor;
				CODE_SIGN_ENTITLEMENTS = gps/gps.entitlements;
				CODE_SIGN_STYLE = Automatic;
				CURRENT_PROJECT_VERSION = 1;
				DEVELOPMENT_ASSET_PATHS = "\"gps/Preview Content\"";
				DEVELOPMENT_TEAM = 3V8CC856AY;
				ENABLE_HARDENED_RUNTIME = YES;
				ENABLE_PREVIEWS = YES;
				GENERATE_INFOPLIST_FILE = YES;
				"INFOPLIST_KEY_UIApplicationSceneManifest_Generation[sdk=iphoneos*]" = YES;
				"INFOPLIST_KEY_UIApplicationSceneManifest_Generation[sdk=iphonesimulator*]" = YES;
				"INFOPLIST_KEY_UIApplicationSupportsIndirectInputEvents[sdk=iphoneos*]" = YES;
				"INFOPLIST_KEY_UIApplicationSupportsIndirectInputEvents[sdk=iphonesimulator*]" = YES;
				"INFOPLIST_KEY_UILaunchScreen_Generation[sdk=iphoneos*]" = YES;
				"INFOPLIST_KEY_UILaunchScreen_Generation[sdk=iphonesimulator*]" = YES;
				"INFOPLIST_KEY_UIStatusBarStyle[sdk=iphoneos*]" = UIStatusBarStyleDefault;
				"INFOPLIST_KEY_UIStatusBarStyle[sdk=iphonesimulator*]" = UIStatusBarStyleDefault;
				INFOPLIST_KEY_UISupportedInterfaceOrientations_iPad = "UIInterfaceOrientationPortrait UIInterfaceOrientationPortraitUpsideDown UIInterfaceOrientationLandscapeLeft UIInterfaceOrientationLandscapeRight";
				INFOPLIST_KEY_UISupportedInterfaceOrientations_iPhone = "UIInterfaceOrientationPortrait UIInterfaceOrientationLandscapeLeft UIInterfaceOrientationLandscapeRight";
				IPHONEOS_DEPLOYMENT_TARGET = 17.4;
				LD_RUNPATH_SEARCH_PATHS = "@executable_path/Frameworks";
				"LD_RUNPATH_SEARCH_PATHS[sdk=macosx*]" = "@executable_path/../Frameworks";
				MACOSX_DEPLOYMENT_TARGET = 14.1;
				MARKETING_VERSION = 1.0;
				PRODUCT_BUNDLE_IDENTIFIER = com.trackman.gps;
				PRODUCT_NAME = "$(TARGET_NAME)";
				SDKROOT = auto;
				SUPPORTED_PLATFORMS = "iphoneos iphonesimulator macosx";
				SWIFT_EMIT_LOC_STRINGS = YES;
				SWIFT_VERSION = 5.0;
				TARGETED_DEVICE_FAMILY = "1,2";
			};
			name = Release;
		};
		D8585D352C162EBA00B3ACD5 /* Debug */ = {
			isa = XCBuildConfiguration;
			buildSettings = {
				ALWAYS_EMBED_SWIFT_STANDARD_LIBRARIES = YES;
				BUNDLE_LOADER = "$(TEST_HOST)";
				CODE_SIGN_STYLE = Automatic;
				CURRENT_PROJECT_VERSION = 1;
				DEVELOPMENT_TEAM = 3V8CC856AY;
				GENERATE_INFOPLIST_FILE = YES;
				IPHONEOS_DEPLOYMENT_TARGET = 17.4;
				MACOSX_DEPLOYMENT_TARGET = 14.1;
				MARKETING_VERSION = 1.0;
				PRODUCT_BUNDLE_IDENTIFIER = com.trackman.gpsTests;
				PRODUCT_NAME = "$(TARGET_NAME)";
				SDKROOT = auto;
				SUPPORTED_PLATFORMS = "iphoneos iphonesimulator macosx";
				SWIFT_EMIT_LOC_STRINGS = NO;
				SWIFT_VERSION = 5.0;
				TARGETED_DEVICE_FAMILY = "1,2";
				TEST_HOST = "$(BUILT_PRODUCTS_DIR)/gps.app/$(BUNDLE_EXECUTABLE_FOLDER_PATH)/gps";
			};
			name = Debug;
		};
		D8585D362C162EBA00B3ACD5 /* Release */ = {
			isa = XCBuildConfiguration;
			buildSettings = {
				ALWAYS_EMBED_SWIFT_STANDARD_LIBRARIES = YES;
				BUNDLE_LOADER = "$(TEST_HOST)";
				CODE_SIGN_STYLE = Automatic;
				CURRENT_PROJECT_VERSION = 1;
				DEVELOPMENT_TEAM = 3V8CC856AY;
				GENERATE_INFOPLIST_FILE = YES;
				IPHONEOS_DEPLOYMENT_TARGET = 17.4;
				MACOSX_DEPLOYMENT_TARGET = 14.1;
				MARKETING_VERSION = 1.0;
				PRODUCT_BUNDLE_IDENTIFIER = com.trackman.gpsTests;
				PRODUCT_NAME = "$(TARGET_NAME)";
				SDKROOT = auto;
				SUPPORTED_PLATFORMS = "iphoneos iphonesimulator macosx";
				SWIFT_EMIT_LOC_STRINGS = NO;
				SWIFT_VERSION = 5.0;
				TARGETED_DEVICE_FAMILY = "1,2";
				TEST_HOST = "$(BUILT_PRODUCTS_DIR)/gps.app/$(BUNDLE_EXECUTABLE_FOLDER_PATH)/gps";
			};
			name = Release;
		};
		D8585D382C162EBA00B3ACD5 /* Debug */ = {
			isa = XCBuildConfiguration;
			buildSettings = {
				ALWAYS_EMBED_SWIFT_STANDARD_LIBRARIES = YES;
				CODE_SIGN_STYLE = Automatic;
				CURRENT_PROJECT_VERSION = 1;
				DEVELOPMENT_TEAM = 3V8CC856AY;
				GENERATE_INFOPLIST_FILE = YES;
				IPHONEOS_DEPLOYMENT_TARGET = 17.4;
				MACOSX_DEPLOYMENT_TARGET = 14.1;
				MARKETING_VERSION = 1.0;
				PRODUCT_BUNDLE_IDENTIFIER = com.trackman.gpsUITests;
				PRODUCT_NAME = "$(TARGET_NAME)";
				SDKROOT = auto;
				SUPPORTED_PLATFORMS = "iphoneos iphonesimulator macosx";
				SWIFT_EMIT_LOC_STRINGS = NO;
				SWIFT_VERSION = 5.0;
				TARGETED_DEVICE_FAMILY = "1,2";
				TEST_TARGET_NAME = gps;
			};
			name = Debug;
		};
		D8585D392C162EBA00B3ACD5 /* Release */ = {
			isa = XCBuildConfiguration;
			buildSettings = {
				ALWAYS_EMBED_SWIFT_STANDARD_LIBRARIES = YES;
				CODE_SIGN_STYLE = Automatic;
				CURRENT_PROJECT_VERSION = 1;
				DEVELOPMENT_TEAM = 3V8CC856AY;
				GENERATE_INFOPLIST_FILE = YES;
				IPHONEOS_DEPLOYMENT_TARGET = 17.4;
				MACOSX_DEPLOYMENT_TARGET = 14.1;
				MARKETING_VERSION = 1.0;
				PRODUCT_BUNDLE_IDENTIFIER = com.trackman.gpsUITests;
				PRODUCT_NAME = "$(TARGET_NAME)";
				SDKROOT = auto;
				SUPPORTED_PLATFORMS = "iphoneos iphonesimulator macosx";
				SWIFT_EMIT_LOC_STRINGS = NO;
				SWIFT_VERSION = 5.0;
				TARGETED_DEVICE_FAMILY = "1,2";
				TEST_TARGET_NAME = gps;
			};
			name = Release;
		};
/* End XCBuildConfiguration section */

/* Begin XCConfigurationList section */
		D8585D072C162EB800B3ACD5 /* Build configuration list for PBXProject "gps" */ = {
			isa = XCConfigurationList;
			buildConfigurations = (
				D8585D2F2C162EBA00B3ACD5 /* Debug */,
				D8585D302C162EBA00B3ACD5 /* Release */,
			);
			defaultConfigurationIsVisible = 0;
			defaultConfigurationName = Release;
		};
		D8585D312C162EBA00B3ACD5 /* Build configuration list for PBXNativeTarget "gps" */ = {
			isa = XCConfigurationList;
			buildConfigurations = (
				D8585D322C162EBA00B3ACD5 /* Debug */,
				D8585D332C162EBA00B3ACD5 /* Release */,
			);
			defaultConfigurationIsVisible = 0;
			defaultConfigurationName = Release;
		};
		D8585D342C162EBA00B3ACD5 /* Build configuration list for PBXNativeTarget "gpsTests" */ = {
			isa = XCConfigurationList;
			buildConfigurations = (
				D8585D352C162EBA00B3ACD5 /* Debug */,
				D8585D362C162EBA00B3ACD5 /* Release */,
			);
			defaultConfigurationIsVisible = 0;
			defaultConfigurationName = Release;
		};
		D8585D372C162EBA00B3ACD5 /* Build configuration list for PBXNativeTarget "gpsUITests" */ = {
			isa = XCConfigurationList;
			buildConfigurations = (
				D8585D382C162EBA00B3ACD5 /* Debug */,
				D8585D392C162EBA00B3ACD5 /* Release */,
			);
			defaultConfigurationIsVisible = 0;
			defaultConfigurationName = Release;
		};
/* End XCConfigurationList section */
	};
	rootObject = D8585D042C162EB800B3ACD5 /* Project object */;
}
